
Microsoft Visual Studio Solution File, Format Version 12.00
# Visual Studio Version 17
VisualStudioVersion = 17.14.36203.30 d17.14
MinimumVisualStudioVersion = 10.0.40219.1
Project("{FAE04EC0-301F-11D3-BF4B-00C04F79EFBC}") = "MAUI Pinterest App", "MAUI Pinterest App.csproj", "{781C359F-18FD-43BA-9A51-EBBE6FFAF5DC}"
EndProject
Global
	GlobalSection(SolutionConfigurationPlatforms) = preSolution
		Debug|Any CPU = Debug|Any CPU
		Release|Any CPU = Release|Any CPU
	EndGlobalSection
	GlobalSection(ProjectConfigurationPlatforms) = postSolution
		{781C359F-18FD-43BA-9A51-EBBE6FFAF5DC}.Debug|Any CPU.ActiveCfg = Debug|Any CPU
		{781C359F-18FD-43BA-9A51-EBBE6FFAF5DC}.Debug|Any CPU.Build.0 = Debug|Any CPU
		{781C359F-18FD-43BA-9A51-EBBE6FFAF5DC}.Release|Any CPU.ActiveCfg = Release|Any CPU
		{781C359F-18FD-43BA-9A51-EBBE6FFAF5DC}.Release|Any CPU.Build.0 = Release|Any CPU
	EndGlobalSection
	GlobalSection(SolutionProperties) = preSolution
		HideSolutionNode = FALSE
	EndGlobalSection
	GlobalSection(ExtensibilityGlobals) = postSolution
		SolutionGuid = {72624A9A-C3B0-49C9-A72E-EC2A21A69F46}
	EndGlobalSection
EndGlobal
